// !$*UTF8*$!
{
	archiveVersion = 1;
	classes = {
	};
	objectVersion = 55;
	objects = {

/* Begin PBXBuildFile section */
		5BF11C3327A9F9950052019C /* AppDelegate.swift in Sources */ = {isa = PBXBuildFile; fileRef = 5BF11C3227A9F9950052019C /* AppDelegate.swift */; };
		5BF11C3527A9F9950052019C /* SceneDelegate.swift in Sources */ = {isa = PBXBuildFile; fileRef = 5BF11C3427A9F9950052019C /* SceneDelegate.swift */; };
		5BF11C3727A9F9950052019C /* ViewController.swift in Sources */ = {isa = PBXBuildFile; fileRef = 5BF11C3627A9F9950052019C /* ViewController.swift */; };
		5BF11C3A27A9F9950052019C /* Main.storyboard in Resources */ = {isa = PBXBuildFile; fileRef = 5BF11C3827A9F9950052019C /* Main.storyboard */; };
		5BF11C3C27A9F9960052019C /* Assets.xcassets in Resources */ = {isa = PBXBuildFile; fileRef = 5BF11C3B27A9F9960052019C /* Assets.xcassets */; };
		5BF11C3F27A9F9960052019C /* LaunchScreen.storyboard in Resources */ = {isa = PBXBuildFile; fileRef = 5BF11C3D27A9F9960052019C /* LaunchScreen.storyboard */; };
		5BF11C4A27A9F9960052019C /* FactoryMethodTests.swift in Sources */ = {isa = PBXBuildFile; fileRef = 5BF11C4927A9F9960052019C /* FactoryMethodTests.swift */; };
		5BF11C5427A9F9960052019C /* FactoryMethodUITests.swift in Sources */ = {isa = PBXBuildFile; fileRef = 5BF11C5327A9F9960052019C /* FactoryMethodUITests.swift */; };
		5BF11C5627A9F9960052019C /* FactoryMethodUITestsLaunchTests.swift in Sources */ = {isa = PBXBuildFile; fileRef = 5BF11C5527A9F9960052019C /* FactoryMethodUITestsLaunchTests.swift */; };
/* End PBXBuildFile section */

/* Begin PBXContainerItemProxy section */
		5BF11C4627A9F9960052019C /* PBXContainerItemProxy */ = {
			isa = PBXContainerItemProxy;
			containerPortal = 5BF11C2727A9F9950052019C /* Project object */;
			proxyType = 1;
			remoteGlobalIDString = 5BF11C2E27A9F9950052019C;
			remoteInfo = FactoryMethod;
		};
		5BF11C5027A9F9960052019C /* PBXContainerItemProxy */ = {
			isa = PBXContainerItemProxy;
			containerPortal = 5BF11C2727A9F9950052019C /* Project object */;
			proxyType = 1;
			remoteGlobalIDString = 5BF11C2E27A9F9950052019C;
			remoteInfo = FactoryMethod;
		};
/* End PBXContainerItemProxy section */

/* Begin PBXFileReference section */
		5BF11C2F27A9F9950052019C /* FactoryMethod.app */ = {isa = PBXFileReference; explicitFileType = wrapper.application; includeInIndex = 0; path = FactoryMethod.app; sourceTree = BUILT_PRODUCTS_DIR; };
		5BF11C3227A9F9950052019C /* AppDelegate.swift */ = {isa = PBXFileReference; lastKnownFileType = sourcecode.swift; path = AppDelegate.swift; sourceTree = "<group>"; };
		5BF11C3427A9F9950052019C /* SceneDelegate.swift */ = {isa = PBXFileReference; lastKnownFileType = sourcecode.swift; path = SceneDelegate.swift; sourceTree = "<group>"; };
		5BF11C3627A9F9950052019C /* ViewController.swift */ = {isa = PBXFileReference; lastKnownFileType = sourcecode.swift; path = ViewController.swift; sourceTree = "<group>"; };
		5BF11C3927A9F9950052019C /* Base */ = {isa = PBXFileReference; lastKnownFileType = file.storyboard; name = Base; path = Base.lproj/Main.storyboard; sourceTree = "<group>"; };
		5BF11C3B27A9F9960052019C /* Assets.xcassets */ = {isa = PBXFileReference; lastKnownFileType = folder.assetcatalog; path = Assets.xcassets; sourceTree = "<group>"; };
		5BF11C3E27A9F9960052019C /* Base */ = {isa = PBXFileReference; lastKnownFileType = file.storyboard; name = Base; path = Base.lproj/LaunchScreen.storyboard; sourceTree = "<group>"; };
		5BF11C4027A9F9960052019C /* Info.plist */ = {isa = PBXFileReference; lastKnownFileType = text.plist.xml; path = Info.plist; sourceTree = "<group>"; };
		5BF11C4527A9F9960052019C /* FactoryMethodTests.xctest */ = {isa = PBXFileReference; explicitFileType = wrapper.cfbundle; includeInIndex = 0; path = FactoryMethodTests.xctest; sourceTree = BUILT_PRODUCTS_DIR; };
		5BF11C4927A9F9960052019C /* FactoryMethodTests.swift */ = {isa = PBXFileReference; lastKnownFileType = sourcecode.swift; path = FactoryMethodTests.swift; sourceTree = "<group>"; };
		5BF11C4F27A9F9960052019C /* FactoryMethodUITests.xctest */ = {isa = PBXFileReference; explicitFileType = wrapper.cfbundle; includeInIndex = 0; path = FactoryMethodUITests.xctest; sourceTree = BUILT_PRODUCTS_DIR; };
		5BF11C5327A9F9960052019C /* FactoryMethodUITests.swift */ = {isa = PBXFileReference; lastKnownFileType = sourcecode.swift; path = FactoryMethodUITests.swift; sourceTree = "<group>"; };
		5BF11C5527A9F9960052019C /* FactoryMethodUITestsLaunchTests.swift */ = {isa = PBXFileReference; lastKnownFileType = sourcecode.swift; path = FactoryMethodUITestsLaunchTests.swift; sourceTree = "<group>"; };
/* End PBXFileReference section */

/* Begin PBXFrameworksBuildPhase section */
		5BF11C2C27A9F9950052019C /* Frameworks */ = {
			isa = PBXFrameworksBuildPhase;
			buildActionMask = 2147483647;
			files = (
			);
			runOnlyForDeploymentPostprocessing = 0;
		};
		5BF11C4227A9F9960052019C /* Frameworks */ = {
			isa = PBXFrameworksBuildPhase;
			buildActionMask = 2147483647;
			files = (
			);
			runOnlyForDeploymentPostprocessing = 0;
		};
		5BF11C4C27A9F9960052019C /* Frameworks */ = {
			isa = PBXFrameworksBuildPhase;
			buildActionMask = 2147483647;
			files = (
			);
			runOnlyForDeploymentPostprocessing = 0;
		};
/* End PBXFrameworksBuildPhase section */

/* Begin PBXGroup section */
		5BF11C2627A9F9950052019C = {
			isa = PBXGroup;
			children = (
				5BF11C3127A9F9950052019C /* FactoryMethod */,
				5BF11C4827A9F9960052019C /* FactoryMethodTests */,
				5BF11C5227A9F9960052019C /* FactoryMethodUITests */,
				5BF11C3027A9F9950052019C /* Products */,
			);
			sourceTree = "<group>";
		};
		5BF11C3027A9F9950052019C /* Products */ = {
			isa = PBXGroup;
			children = (
				5BF11C2F27A9F9950052019C /* FactoryMethod.app */,
				5BF11C4527A9F9960052019C /* FactoryMethodTests.xctest */,
				5BF11C4F27A9F9960052019C /* FactoryMethodUITests.xctest */,
			);
			name = Products;
			sourceTree = "<group>";
		};
		5BF11C3127A9F9950052019C /* FactoryMethod */ = {
			isa = PBXGroup;
			children = (
				5BF11C3227A9F9950052019C /* AppDelegate.swift */,
				5BF11C3427A9F9950052019C /* SceneDelegate.swift */,
				5BF11C3627A9F9950052019C /* ViewController.swift */,
				5BF11C3827A9F9950052019C /* Main.storyboard */,
				5BF11C3B27A9F9960052019C /* Assets.xcassets */,
				5BF11C3D27A9F9960052019C /* LaunchScreen.storyboard */,
				5BF11C4027A9F9960052019C /* Info.plist */,
			);
			path = FactoryMethod;
			sourceTree = "<group>";
		};
		5BF11C4827A9F9960052019C /* FactoryMethodTests */ = {
			isa = PBXGroup;
			children = (
				5BF11C4927A9F9960052019C /* FactoryMethodTests.swift */,
			);
			path = FactoryMethodTests;
			sourceTree = "<group>";
		};
		5BF11C5227A9F9960052019C /* FactoryMethodUITests */ = {
			isa = PBXGroup;
			children = (
				5BF11C5327A9F9960052019C /* FactoryMethodUITests.swift */,
				5BF11C5527A9F9960052019C /* FactoryMethodUITestsLaunchTests.swift */,
			);
			path = FactoryMethodUITests;
			sourceTree = "<group>";
		};
/* End PBXGroup section */

/* Begin PBXNativeTarget section */
		5BF11C2E27A9F9950052019C /* FactoryMethod */ = {
			isa = PBXNativeTarget;
			buildConfigurationList = 5BF11C5927A9F9960052019C /* Build configuration list for PBXNativeTarget "FactoryMethod" */;
			buildPhases = (
				5BF11C2B27A9F9950052019C /* Sources */,
				5BF11C2C27A9F9950052019C /* Frameworks */,
				5BF11C2D27A9F9950052019C /* Resources */,
			);
			buildRules = (
			);
			dependencies = (
			);
			name = FactoryMethod;
			productName = FactoryMethod;
			productReference = 5BF11C2F27A9F9950052019C /* FactoryMethod.app */;
			productType = "com.apple.product-type.application";
		};
		5BF11C4427A9F9960052019C /* FactoryMethodTests */ = {
			isa = PBXNativeTarget;
			buildConfigurationList = 5BF11C5C27A9F9960052019C /* Build configuration list for PBXNativeTarget "FactoryMethodTests" */;
			buildPhases = (
				5BF11C4127A9F9960052019C /* Sources */,
				5BF11C4227A9F9960052019C /* Frameworks */,
				5BF11C4327A9F9960052019C /* Resources */,
			);
			buildRules = (
			);
			dependencies = (
				5BF11C4727A9F9960052019C /* PBXTargetDependency */,
			);
			name = FactoryMethodTests;
			productName = FactoryMethodTests;
			productReference = 5BF11C4527A9F9960052019C /* FactoryMethodTests.xctest */;
			productType = "com.apple.product-type.bundle.unit-test";
		};
		5BF11C4E27A9F9960052019C /* FactoryMethodUITests */ = {
			isa = PBXNativeTarget;
			buildConfigurationList = 5BF11C5F27A9F9960052019C /* Build configuration list for PBXNativeTarget "FactoryMethodUITests" */;
			buildPhases = (
				5BF11C4B27A9F9960052019C /* Sources */,
				5BF11C4C27A9F9960052019C /* Frameworks */,
				5BF11C4D27A9F9960052019C /* Resources */,
			);
			buildRules = (
			);
			dependencies = (
				5BF11C5127A9F9960052019C /* PBXTargetDependency */,
			);
			name = FactoryMethodUITests;
			productName = FactoryMethodUITests;
			productReference = 5BF11C4F27A9F9960052019C /* FactoryMethodUITests.xctest */;
			productType = "com.apple.product-type.bundle.ui-testing";
		};
/* End PBXNativeTarget section */

/* Begin PBXProject section */
		5BF11C2727A9F9950052019C /* Project object */ = {
			isa = PBXProject;
			attributes = {
				BuildIndependentTargetsInParallel = 1;
				LastSwiftUpdateCheck = 1320;
				LastUpgradeCheck = 1320;
				TargetAttributes = {
					5BF11C2E27A9F9950052019C = {
						CreatedOnToolsVersion = 13.2.1;
					};
					5BF11C4427A9F9960052019C = {
						CreatedOnToolsVersion = 13.2.1;
						TestTargetID = 5BF11C2E27A9F9950052019C;
					};
					5BF11C4E27A9F9960052019C = {
						CreatedOnToolsVersion = 13.2.1;
						TestTargetID = 5BF11C2E27A9F9950052019C;
					};
				};
			};
			buildConfigurationList = 5BF11C2A27A9F9950052019C /* Build configuration list for PBXProject "FactoryMethod" */;
			compatibilityVersion = "Xcode 13.0";
			developmentRegion = en;
			hasScannedForEncodings = 0;
			knownRegions = (
				en,
				Base,
			);
			mainGroup = 5BF11C2627A9F9950052019C;
			productRefGroup = 5BF11C3027A9F9950052019C /* Products */;
			projectDirPath = "";
			projectRoot = "";
			targets = (
				5BF11C2E27A9F9950052019C /* FactoryMethod */,
				5BF11C4427A9F9960052019C /* FactoryMethodTests */,
				5BF11C4E27A9F9960052019C /* FactoryMethodUITests */,
			);
		};
/* End PBXProject section */

/* Begin PBXResourcesBuildPhase section */
		5BF11C2D27A9F9950052019C /* Resources */ = {
			isa = PBXResourcesBuildPhase;
			buildActionMask = 2147483647;
			files = (
				5BF11C3F27A9F9960052019C /* LaunchScreen.storyboard in Resources */,
				5BF11C3C27A9F9960052019C /* Assets.xcassets in Resources */,
				5BF11C3A27A9F9950052019C /* Main.storyboard in Resources */,
			);
			runOnlyForDeploymentPostprocessing = 0;
		};
		5BF11C4327A9F9960052019C /* Resources */ = {
			isa = PBXResourcesBuildPhase;
			buildActionMask = 2147483647;
			files = (
			);
			runOnlyForDeploymentPostprocessing = 0;
		};
		5BF11C4D27A9F9960052019C /* Resources */ = {
			isa = PBXResourcesBuildPhase;
			buildActionMask = 2147483647;
			files = (
			);
			runOnlyForDeploymentPostprocessing = 0;
		};
/* End PBXResourcesBuildPhase section */

/* Begin PBXSourcesBuildPhase section */
		5BF11C2B27A9F9950052019C /* Sources */ = {
			isa = PBXSourcesBuildPhase;
			buildActionMask = 2147483647;
			files = (
				5BF11C3727A9F9950052019C /* ViewController.swift in Sources */,
				5BF11C3327A9F9950052019C /* AppDelegate.swift in Sources */,
				5BF11C3527A9F9950052019C /* SceneDelegate.swift in Sources */,
			);
			runOnlyForDeploymentPostprocessing = 0;
		};
		5BF11C4127A9F9960052019C /* Sources */ = {
			isa = PBXSourcesBuildPhase;
			buildActionMask = 2147483647;
			files = (
				5BF11C4A27A9F9960052019C /* FactoryMethodTests.swift in Sources */,
			);
			runOnlyForDeploymentPostprocessing = 0;
		};
		5BF11C4B27A9F9960052019C /* Sources */ = {
			isa = PBXSourcesBuildPhase;
			buildActionMask = 2147483647;
			files = (
				5BF11C5627A9F9960052019C /* FactoryMethodUITestsLaunchTests.swift in Sources */,
				5BF11C5427A9F9960052019C /* FactoryMethodUITests.swift in Sources */,
			);
			runOnlyForDeploymentPostprocessing = 0;
		};
/* End PBXSourcesBuildPhase section */

/* Begin PBXTargetDependency section */
		5BF11C4727A9F9960052019C /* PBXTargetDependency */ = {
			isa = PBXTargetDependency;
			target = 5BF11C2E27A9F9950052019C /* FactoryMethod */;
			targetProxy = 5BF11C4627A9F9960052019C /* PBXContainerItemProxy */;
		};
		5BF11C5127A9F9960052019C /* PBXTargetDependency */ = {
			isa = PBXTargetDependency;
			target = 5BF11C2E27A9F9950052019C /* FactoryMethod */;
			targetProxy = 5BF11C5027A9F9960052019C /* PBXContainerItemProxy */;
		};
/* End PBXTargetDependency section */

/* Begin PBXVariantGroup section */
		5BF11C3827A9F9950052019C /* Main.storyboard */ = {
			isa = PBXVariantGroup;
			children = (
				5BF11C3927A9F9950052019C /* Base */,
			);
			name = Main.storyboard;
			sourceTree = "<group>";
		};
		5BF11C3D27A9F9960052019C /* LaunchScreen.storyboard */ = {
			isa = PBXVariantGroup;
			children = (
				5BF11C3E27A9F9960052019C /* Base */,
			);
			name = LaunchScreen.storyboard;
			sourceTree = "<group>";
		};
/* End PBXVariantGroup section */

/* Begin XCBuildConfiguration section */
		5BF11C5727A9F9960052019C /* Debug */ = {
			isa = XCBuildConfiguration;
			buildSettings = {
				ALWAYS_SEARCH_USER_PATHS = NO;
				CLANG_ANALYZER_NONNULL = YES;
				CLANG_ANALYZER_NUMBER_OBJECT_CONVERSION = YES_AGGRESSIVE;
				CLANG_CXX_LANGUAGE_STANDARD = "gnu++17";
				CLANG_CXX_LIBRARY = "libc++";
				CLANG_ENABLE_MODULES = YES;
				CLANG_ENABLE_OBJC_ARC = YES;
				CLANG_ENABLE_OBJC_WEAK = YES;
				CLANG_WARN_BLOCK_CAPTURE_AUTORELEASING = YES;
				CLANG_WARN_BOOL_CONVERSION = YES;
				CLANG_WARN_COMMA = YES;
				CLANG_WARN_CONSTANT_CONVERSION = YES;
				CLANG_WARN_DEPRECATED_OBJC_IMPLEMENTATIONS = YES;
				CLANG_WARN_DIRECT_OBJC_ISA_USAGE = YES_ERROR;
				CLANG_WARN_DOCUMENTATION_COMMENTS = YES;
				CLANG_WARN_EMPTY_BODY = YES;
				CLANG_WARN_ENUM_CONVERSION = YES;
				CLANG_WARN_INFINITE_RECURSION = YES;
				CLANG_WARN_INT_CONVERSION = YES;
				CLANG_WARN_NON_LITERAL_NULL_CONVERSION = YES;
				CLANG_WARN_OBJC_IMPLICIT_RETAIN_SELF = YES;
				CLANG_WARN_OBJC_LITERAL_CONVERSION = YES;
				CLANG_WARN_OBJC_ROOT_CLASS = YES_ERROR;
				CLANG_WARN_QUOTED_INCLUDE_IN_FRAMEWORK_HEADER = YES;
				CLANG_WARN_RANGE_LOOP_ANALYSIS = YES;
				CLANG_WARN_STRICT_PROTOTYPES = YES;
				CLANG_WARN_SUSPICIOUS_MOVE = YES;
				CLANG_WARN_UNGUARDED_AVAILABILITY = YES_AGGRESSIVE;
				CLANG_WARN_UNREACHABLE_CODE = YES;
				CLANG_WARN__DUPLICATE_METHOD_MATCH = YES;
				COPY_PHASE_STRIP = NO;
				DEBUG_INFORMATION_FORMAT = dwarf;
				ENABLE_STRICT_OBJC_MSGSEND = YES;
				ENABLE_TESTABILITY = YES;
				GCC_C_LANGUAGE_STANDARD = gnu11;
				GCC_DYNAMIC_NO_PIC = NO;
				GCC_NO_COMMON_BLOCKS = YES;
				GCC_OPTIMIZATION_LEVEL = 0;
				GCC_PREPROCESSOR_DEFINITIONS = (
					"DEBUG=1",
					"$(inherited)",
				);
				GCC_WARN_64_TO_32_BIT_CONVERSION = YES;
				GCC_WARN_ABOUT_RETURN_TYPE = YES_ERROR;
				GCC_WARN_UNDECLARED_SELECTOR = YES;
				GCC_WARN_UNINITIALIZED_AUTOS = YES_AGGRESSIVE;
				GCC_WARN_UNUSED_FUNCTION = YES;
				GCC_WARN_UNUSED_VARIABLE = YES;
				IPHONEOS_DEPLOYMENT_TARGET = 15.2;
				MTL_ENABLE_DEBUG_INFO = INCLUDE_SOURCE;
				MTL_FAST_MATH = YES;
				ONLY_ACTIVE_ARCH = YES;
				SDKROOT = iphoneos;
				SWIFT_ACTIVE_COMPILATION_CONDITIONS = DEBUG;
				SWIFT_OPTIMIZATION_LEVEL = "-Onone";
			};
			name = Debug;
		};
		5BF11C5827A9F9960052019C /* Release */ = {
			isa = XCBuildConfiguration;
			buildSettings = {
				ALWAYS_SEARCH_USER_PATHS = NO;
				CLANG_ANALYZER_NONNULL = YES;
				CLANG_ANALYZER_NUMBER_OBJECT_CONVERSION = YES_AGGRESSIVE;
				CLANG_CXX_LANGUAGE_STANDARD = "gnu++17";
				CLANG_CXX_LIBRARY = "libc++";
				CLANG_ENABLE_MODULES = YES;
				CLANG_ENABLE_OBJC_ARC = YES;
				CLANG_ENABLE_OBJC_WEAK = YES;
				CLANG_WARN_BLOCK_CAPTURE_AUTORELEASING = YES;
				CLANG_WARN_BOOL_CONVERSION = YES;
				CLANG_WARN_COMMA = YES;
				CLANG_WARN_CONSTANT_CONVERSION = YES;
				CLANG_WARN_DEPRECATED_OBJC_IMPLEMENTATIONS = YES;
				CLANG_WARN_DIRECT_OBJC_ISA_USAGE = YES_ERROR;
				CLANG_WARN_DOCUMENTATION_COMMENTS = YES;
				CLANG_WARN_EMPTY_BODY = YES;
				CLANG_WARN_ENUM_CONVERSION = YES;
				CLANG_WARN_INFINITE_RECURSION = YES;
				CLANG_WARN_INT_CONVERSION = YES;
				CLANG_WARN_NON_LITERAL_NULL_CONVERSION = YES;
				CLANG_WARN_OBJC_IMPLICIT_RETAIN_SELF = YES;
				CLANG_WARN_OBJC_LITERAL_CONVERSION = YES;
				CLANG_WARN_OBJC_ROOT_CLASS = YES_ERROR;
				CLANG_WARN_QUOTED_INCLUDE_IN_FRAMEWORK_HEADER = YES;
				CLANG_WARN_RANGE_LOOP_ANALYSIS = YES;
				CLANG_WARN_STRICT_PROTOTYPES = YES;
				CLANG_WARN_SUSPICIOUS_MOVE = YES;
				CLANG_WARN_UNGUARDED_AVAILABILITY = YES_AGGRESSIVE;
				CLANG_WARN_UNREACHABLE_CODE = YES;
				CLANG_WARN__DUPLICATE_METHOD_MATCH = YES;
				COPY_PHASE_STRIP = NO;
				DEBUG_INFORMATION_FORMAT = "dwarf-with-dsym";
				ENABLE_NS_ASSERTIONS = NO;
				ENABLE_STRICT_OBJC_MSGSEND = YES;
				GCC_C_LANGUAGE_STANDARD = gnu11;
				GCC_NO_COMMON_BLOCKS = YES;
				GCC_WARN_64_TO_32_BIT_CONVERSION = YES;
				GCC_WARN_ABOUT_RETURN_TYPE = YES_ERROR;
				GCC_WARN_UNDECLARED_SELECTOR = YES;
				GCC_WARN_UNINITIALIZED_AUTOS = YES_AGGRESSIVE;
				GCC_WARN_UNUSED_FUNCTION = YES;
				GCC_WARN_UNUSED_VARIABLE = YES;
				IPHONEOS_DEPLOYMENT_TARGET = 15.2;
				MTL_ENABLE_DEBUG_INFO = NO;
				MTL_FAST_MATH = YES;
				SDKROOT = iphoneos;
				SWIFT_COMPILATION_MODE = wholemodule;
				SWIFT_OPTIMIZATION_LEVEL = "-O";
				VALIDATE_PRODUCT = YES;
			};
			name = Release;
		};
		5BF11C5A27A9F9960052019C /* Debug */ = {
			isa = XCBuildConfiguration;
			buildSettings = {
				ASSETCATALOG_COMPILER_APPICON_NAME = AppIcon;
				ASSETCATALOG_COMPILER_GLOBAL_ACCENT_COLOR_NAME = AccentColor;
				CODE_SIGN_STYLE = Automatic;
				CURRENT_PROJECT_VERSION = 1;
				DEVELOPMENT_TEAM = 79QD8T4C92;
				GENERATE_INFOPLIST_FILE = YES;
				INFOPLIST_FILE = FactoryMethod/Info.plist;
				INFOPLIST_KEY_UIApplicationSupportsIndirectInputEvents = YES;
				INFOPLIST_KEY_UILaunchStoryboardName = LaunchScreen;
				INFOPLIST_KEY_UIMainStoryboardFile = Main;
				INFOPLIST_KEY_UISupportedInterfaceOrientations_iPad = "UIInterfaceOrientationPortrait UIInterfaceOrientationPortraitUpsideDown UIInterfaceOrientationLandscapeLeft UIInterfaceOrientationLandscapeRight";
				INFOPLIST_KEY_UISupportedInterfaceOrientations_iPhone = "UIInterfaceOrientationPortrait UIInterfaceOrientationLandscapeLeft UIInterfaceOrientationLandscapeRight";
				LD_RUNPATH_SEARCH_PATHS = (
					"$(inherited)",
					"@executable_path/Frameworks",
				);
				MARKETING_VERSION = 1.0;
				PRODUCT_BUNDLE_IDENTIFIER = rhiskey.FactoryMethod;
				PRODUCT_NAME = "$(TARGET_NAME)";
				SWIFT_EMIT_LOC_STRINGS = YES;
				SWIFT_VERSION = 5.0;
				TARGETED_DEVICE_FAMILY = "1,2";
			};
			name = Debug;
		};
		5BF11C5B27A9F9960052019C /* Release */ = {
			isa = XCBuildConfiguration;
			buildSettings = {
				ASSETCATALOG_COMPILER_APPICON_NAME = AppIcon;
				ASSETCATALOG_COMPILER_GLOBAL_ACCENT_COLOR_NAME = AccentColor;
				CODE_SIGN_STYLE = Automatic;
				CURRENT_PROJECT_VERSION = 1;
				DEVELOPMENT_TEAM = 79QD8T4C92;
				GENERATE_INFOPLIST_FILE = YES;
				INFOPLIST_FILE = FactoryMethod/Info.plist;
				INFOPLIST_KEY_UIApplicationSupportsIndirectInputEvents = YES;
				INFOPLIST_KEY_UILaunchStoryboardName = LaunchScreen;
				INFOPLIST_KEY_UIMainStoryboardFile = Main;
				INFOPLIST_KEY_UISupportedInterfaceOrientations_iPad = "UIInterfaceOrientationPortrait UIInterfaceOrientationPortraitUpsideDown UIInterfaceOrientationLandscapeLeft UIInterfaceOrientationLandscapeRight";
				INFOPLIST_KEY_UISupportedInterfaceOrientations_iPhone = "UIInterfaceOrientationPortrait UIInterfaceOrientationLandscapeLeft UIInterfaceOrientationLandscapeRight";
				LD_RUNPATH_SEARCH_PATHS = (
					"$(inherited)",
					"@executable_path/Frameworks",
				);
				MARKETING_VERSION = 1.0;
				PRODUCT_BUNDLE_IDENTIFIER = rhiskey.FactoryMethod;
				PRODUCT_NAME = "$(TARGET_NAME)";
				SWIFT_EMIT_LOC_STRINGS = YES;
				SWIFT_VERSION = 5.0;
				TARGETED_DEVICE_FAMILY = "1,2";
			};
			name = Release;
		};
		5BF11C5D27A9F9960052019C /* Debug */ = {
			isa = XCBuildConfiguration;
			buildSettings = {
				ALWAYS_EMBED_SWIFT_STANDARD_LIBRARIES = YES;
				BUNDLE_LOADER = "$(TEST_HOST)";
				CODE_SIGN_STYLE = Automatic;
				CURRENT_PROJECT_VERSION = 1;
				DEVELOPMENT_TEAM = 79QD8T4C92;
				GENERATE_INFOPLIST_FILE = YES;
				IPHONEOS_DEPLOYMENT_TARGET = 15.2;
				MARKETING_VERSION = 1.0;
				PRODUCT_BUNDLE_IDENTIFIER = rhiskey.FactoryMethodTests;
				PRODUCT_NAME = "$(TARGET_NAME)";
				SWIFT_EMIT_LOC_STRINGS = NO;
				SWIFT_VERSION = 5.0;
				TARGETED_DEVICE_FAMILY = "1,2";
				TEST_HOST = "$(BUILT_PRODUCTS_DIR)/FactoryMethod.app/FactoryMethod";
			};
			name = Debug;
		};
		5BF11C5E27A9F9960052019C /* Release */ = {
			isa = XCBuildConfiguration;
			buildSettings = {
				ALWAYS_EMBED_SWIFT_STANDARD_LIBRARIES = YES;
				BUNDLE_LOADER = "$(TEST_HOST)";
				CODE_SIGN_STYLE = Automatic;
				CURRENT_PROJECT_VERSION = 1;
				DEVELOPMENT_TEAM = 79QD8T4C92;
				GENERATE_INFOPLIST_FILE = YES;
				IPHONEOS_DEPLOYMENT_TARGET = 15.2;
				MARKETING_VERSION = 1.0;
				PRODUCT_BUNDLE_IDENTIFIER = rhiskey.FactoryMethodTests;
				PRODUCT_NAME = "$(TARGET_NAME)";
				SWIFT_EMIT_LOC_STRINGS = NO;
				SWIFT_VERSION = 5.0;
				TARGETED_DEVICE_FAMILY = "1,2";
				TEST_HOST = "$(BUILT_PRODUCTS_DIR)/FactoryMethod.app/FactoryMethod";
			};
			name = Release;
		};
		5BF11C6027A9F9960052019C /* Debug */ = {
			isa = XCBuildConfiguration;
			buildSettings = {
				ALWAYS_EMBED_SWIFT_STANDARD_LIBRARIES = YES;
				CODE_SIGN_STYLE = Automatic;
				CURRENT_PROJECT_VERSION = 1;
				DEVELOPMENT_TEAM = 79QD8T4C92;
				GENERATE_INFOPLIST_FILE = YES;
				MARKETING_VERSION = 1.0;
				PRODUCT_BUNDLE_IDENTIFIER = rhiskey.FactoryMethodUITests;
				PRODUCT_NAME = "$(TARGET_NAME)";
				SWIFT_EMIT_LOC_STRINGS = NO;
				SWIFT_VERSION = 5.0;
				TARGETED_DEVICE_FAMILY = "1,2";
				TEST_TARGET_NAME = FactoryMethod;
			};
			name = Debug;
		};
		5BF11C6127A9F9960052019C /* Release */ = {
			isa = XCBuildConfiguration;
			buildSettings = {
				ALWAYS_EMBED_SWIFT_STANDARD_LIBRARIES = YES;
				CODE_SIGN_STYLE = Automatic;
				CURRENT_PROJECT_VERSION = 1;
				DEVELOPMENT_TEAM = 79QD8T4C92;
				GENERATE_INFOPLIST_FILE = YES;
				MARKETING_VERSION = 1.0;
				PRODUCT_BUNDLE_IDENTIFIER = rhiskey.FactoryMethodUITests;
				PRODUCT_NAME = "$(TARGET_NAME)";
				SWIFT_EMIT_LOC_STRINGS = NO;
				SWIFT_VERSION = 5.0;
				TARGETED_DEVICE_FAMILY = "1,2";
				TEST_TARGET_NAME = FactoryMethod;
			};
			name = Release;
		};
/* End XCBuildConfiguration section */

/* Begin XCConfigurationList section */
		5BF11C2A27A9F9950052019C /* Build configuration list for PBXProject "FactoryMethod" */ = {
			isa = XCConfigurationList;
			buildConfigurations = (
				5BF11C5727A9F9960052019C /* Debug */,
				5BF11C5827A9F9960052019C /* Release */,
			);
			defaultConfigurationIsVisible = 0;
			defaultConfigurationName = Release;
		};
		5BF11C5927A9F9960052019C /* Build configuration list for PBXNativeTarget "FactoryMethod" */ = {
			isa = XCConfigurationList;
			buildConfigurations = (
				5BF11C5A27A9F9960052019C /* Debug */,
				5BF11C5B27A9F9960052019C /* Release */,
			);
			defaultConfigurationIsVisible = 0;
			defaultConfigurationName = Release;
		};
		5BF11C5C27A9F9960052019C /* Build configuration list for PBXNativeTarget "FactoryMethodTests" */ = {
			isa = XCConfigurationList;
			buildConfigurations = (
				5BF11C5D27A9F9960052019C /* Debug */,
				5BF11C5E27A9F9960052019C /* Release */,
			);
			defaultConfigurationIsVisible = 0;
			defaultConfigurationName = Release;
		};
		5BF11C5F27A9F9960052019C /* Build configuration list for PBXNativeTarget "FactoryMethodUITests" */ = {
			isa = XCConfigurationList;
			buildConfigurations = (
				5BF11C6027A9F9960052019C /* Debug */,
				5BF11C6127A9F9960052019C /* Release */,
			);
			defaultConfigurationIsVisible = 0;
			defaultConfigurationName = Release;
		};
/* End XCConfigurationList section */
	};
	rootObject = 5BF11C2727A9F9950052019C /* Project object */;
}
